
Microsoft Visual Studio Solution File, Format Version 12.00
# Visual Studio 14
VisualStudioVersion = 14.0.25420.1
MinimumVisualStudioVersion = 10.0.40219.1
Project("{8BC9CEB8-8B4A-11D0-8D11-00A0C91BC942}") = "NScriptHost", "NScriptHost\NScriptHost.vcxproj", "{F90C4C74-DEE4-4880-9DD0-4F3413B16B32}"
EndProject
Project("{8BC9CEB8-8B4A-11D0-8D11-00A0C91BC942}") = "NScriptProxy", "NScriptHost\NScriptProxy.vcxproj", "{AD165C5A-72FF-4EFB-99B3-A11D12882B1C}"
	ProjectSection(ProjectDependencies) = postProject
		{F90C4C74-DEE4-4880-9DD0-4F3413B16B32} = {F90C4C74-DEE4-4880-9DD0-4F3413B16B32}
	EndProjectSection
EndProject
Project("{8BC9CEB8-8B4A-11D0-8D11-00A0C91BC942}") = "UnitTest", "UnitTest\UnitTest.vcxproj", "{0CEE6E63-7366-4A55-A76C-54A5A88C9DE5}"
	ProjectSection(ProjectDependencies) = postProject
		{F90C4C74-DEE4-4880-9DD0-4F3413B16B32} = {F90C4C74-DEE4-4880-9DD0-4F3413B16B32}
	EndProjectSection
EndProject
Project("{8BC9CEB8-8B4A-11D0-8D11-00A0C91BC942}") = "NumCalc", "NumCalc\NumCalc.vcxproj", "{BABB85C9-49F4-40A6-B371-D6BE6C9D7599}"
EndProject
Global
	GlobalSection(SolutionConfigurationPlatforms) = preSolution
		Debug|x64 = Debug|x64
		Debug|x86 = Debug|x86
		Release|x64 = Release|x64
		Release|x86 = Release|x86
	EndGlobalSection
	GlobalSection(ProjectConfigurationPlatforms) = postSolution
		{F90C4C74-DEE4-4880-9DD0-4F3413B16B32}.Debug|x64.ActiveCfg = Debug|x64
		{F90C4C74-DEE4-4880-9DD0-4F3413B16B32}.Debug|x64.Build.0 = Debug|x64
		{F90C4C74-DEE4-4880-9DD0-4F3413B16B32}.Debug|x86.ActiveCfg = Debug|Win32
		{F90C4C74-DEE4-4880-9DD0-4F3413B16B32}.Debug|x86.Build.0 = Debug|Win32
		{F90C4C74-DEE4-4880-9DD0-4F3413B16B32}.Release|x64.ActiveCfg = Release|x64
		{F90C4C74-DEE4-4880-9DD0-4F3413B16B32}.Release|x64.Build.0 = Release|x64
		{F90C4C74-DEE4-4880-9DD0-4F3413B16B32}.Release|x86.ActiveCfg = Release|Win32
		{F90C4C74-DEE4-4880-9DD0-4F3413B16B32}.Release|x86.Build.0 = Release|Win32
		{AD165C5A-72FF-4EFB-99B3-A11D12882B1C}.Debug|x64.ActiveCfg = Debug|Win32
		{AD165C5A-72FF-4EFB-99B3-A11D12882B1C}.Debug|x86.ActiveCfg = Debug|Win32
		{AD165C5A-72FF-4EFB-99B3-A11D12882B1C}.Debug|x86.Build.0 = Debug|Win32
		{AD165C5A-72FF-4EFB-99B3-A11D12882B1C}.Release|x64.ActiveCfg = Release|Win32
		{AD165C5A-72FF-4EFB-99B3-A11D12882B1C}.Release|x86.ActiveCfg = Release|Win32
		{AD165C5A-72FF-4EFB-99B3-A11D12882B1C}.Release|x86.Build.0 = Release|Win32
		{0CEE6E63-7366-4A55-A76C-54A5A88C9DE5}.Debug|x64.ActiveCfg = Debug|x64
		{0CEE6E63-7366-4A55-A76C-54A5A88C9DE5}.Debug|x64.Build.0 = Debug|x64
		{0CEE6E63-7366-4A55-A76C-54A5A88C9DE5}.Debug|x86.ActiveCfg = Debug|Win32
		{0CEE6E63-7366-4A55-A76C-54A5A88C9DE5}.Debug|x86.Build.0 = Debug|Win32
		{0CEE6E63-7366-4A55-A76C-54A5A88C9DE5}.Release|x64.ActiveCfg = Release|x64
		{0CEE6E63-7366-4A55-A76C-54A5A88C9DE5}.Release|x64.Build.0 = Release|x64
		{0CEE6E63-7366-4A55-A76C-54A5A88C9DE5}.Release|x86.ActiveCfg = Release|Win32
		{0CEE6E63-7366-4A55-A76C-54A5A88C9DE5}.Release|x86.Build.0 = Release|Win32
		{BABB85C9-49F4-40A6-B371-D6BE6C9D7599}.Debug|x64.ActiveCfg = Debug|x64
		{BABB85C9-49F4-40A6-B371-D6BE6C9D7599}.Debug|x64.Build.0 = Debug|x64
		{BABB85C9-49F4-40A6-B371-D6BE6C9D7599}.Debug|x86.ActiveCfg = Debug|Win32
		{BABB85C9-49F4-40A6-B371-D6BE6C9D7599}.Debug|x86.Build.0 = Debug|Win32
		{BABB85C9-49F4-40A6-B371-D6BE6C9D7599}.Release|x64.ActiveCfg = Release|x64
		{BABB85C9-49F4-40A6-B371-D6BE6C9D7599}.Release|x64.Build.0 = Release|x64
		{BABB85C9-49F4-40A6-B371-D6BE6C9D7599}.Release|x86.ActiveCfg = Release|Win32
		{BABB85C9-49F4-40A6-B371-D6BE6C9D7599}.Release|x86.Build.0 = Release|Win32
	EndGlobalSection
	GlobalSection(SolutionProperties) = preSolution
		HideSolutionNode = FALSE
	EndGlobalSection
EndGlobal
